
Microsoft Visual Studio Solution File, Format Version 12.00
# Visual Studio 15
VisualStudioVersion = 15.0.28307.1082
MinimumVisualStudioVersion = 10.0.40219.1
Project("{FAE04EC0-301F-11D3-BF4B-00C04F79EFBC}") = "Proyecto Noticias", "Proyecto Noticias\Proyecto Noticias.csproj", "{DB3BE3C2-B5FC-4E62-9D68-57D7FF1B57E2}"
EndProject
Global
	GlobalSection(SolutionConfigurationPlatforms) = preSolution
		Debug|Any CPU = Debug|Any CPU
		Release|Any CPU = Release|Any CPU
	EndGlobalSection
	GlobalSection(ProjectConfigurationPlatforms) = postSolution
		{DB3BE3C2-B5FC-4E62-9D68-57D7FF1B57E2}.Debug|Any CPU.ActiveCfg = Debug|Any CPU
		{DB3BE3C2-B5FC-4E62-9D68-57D7FF1B57E2}.Debug|Any CPU.Build.0 = Debug|Any CPU
		{DB3BE3C2-B5FC-4E62-9D68-57D7FF1B57E2}.Release|Any CPU.ActiveCfg = Release|Any CPU
		{DB3BE3C2-B5FC-4E62-9D68-57D7FF1B57E2}.Release|Any CPU.Build.0 = Release|Any CPU
	EndGlobalSection
	GlobalSection(SolutionProperties) = preSolution
		HideSolutionNode = FALSE
	EndGlobalSection
	GlobalSection(ExtensibilityGlobals) = postSolution
		SolutionGuid = {B59FAEC1-A5B7-4CF2-9241-50E5F69B61FA}
	EndGlobalSection
EndGlobal
